
Microsoft Visual Studio Solution File, Format Version 12.00
# Visual Studio Version 17
VisualStudioVersion = 17.3.32922.545
MinimumVisualStudioVersion = 10.0.40219.1
Project("{FAE04EC0-301F-11D3-BF4B-00C04F79EFBC}") = "UnitSelection.Core", "UnitSelection.Core\UnitSelection.Core.csproj", "{99C856A1-5DAD-4FF9-BF7D-EB489D64D60C}"
EndProject
Project("{FAE04EC0-301F-11D3-BF4B-00C04F79EFBC}") = "TestConsole", "TestConsole\TestConsole.csproj", "{DCDDADF3-AF7C-4FF4-99DD-D7D079C87AE6}"
EndProject
Global
	GlobalSection(SolutionConfigurationPlatforms) = preSolution
		Debug|Any CPU = Debug|Any CPU
		Release|Any CPU = Release|Any CPU
	EndGlobalSection
	GlobalSection(ProjectConfigurationPlatforms) = postSolution
		{99C856A1-5DAD-4FF9-BF7D-EB489D64D60C}.Debug|Any CPU.ActiveCfg = Debug|Any CPU
		{99C856A1-5DAD-4FF9-BF7D-EB489D64D60C}.Debug|Any CPU.Build.0 = Debug|Any CPU
		{99C856A1-5DAD-4FF9-BF7D-EB489D64D60C}.Release|Any CPU.ActiveCfg = Release|Any CPU
		{99C856A1-5DAD-4FF9-BF7D-EB489D64D60C}.Release|Any CPU.Build.0 = Release|Any CPU
		{DCDDADF3-AF7C-4FF4-99DD-D7D079C87AE6}.Debug|Any CPU.ActiveCfg = Debug|Any CPU
		{DCDDADF3-AF7C-4FF4-99DD-D7D079C87AE6}.Debug|Any CPU.Build.0 = Debug|Any CPU
		{DCDDADF3-AF7C-4FF4-99DD-D7D079C87AE6}.Release|Any CPU.ActiveCfg = Release|Any CPU
		{DCDDADF3-AF7C-4FF4-99DD-D7D079C87AE6}.Release|Any CPU.Build.0 = Release|Any CPU
	EndGlobalSection
	GlobalSection(SolutionProperties) = preSolution
		HideSolutionNode = FALSE
	EndGlobalSection
	GlobalSection(ExtensibilityGlobals) = postSolution
		SolutionGuid = {E274075C-960D-4144-9828-E96878F7ED65}
	EndGlobalSection
EndGlobal
